
Microsoft Visual Studio Solution File, Format Version 12.00
# Visual Studio 15
VisualStudioVersion = 15.0.28307.1062
MinimumVisualStudioVersion = 10.0.40219.1
Project("{FAE04EC0-301F-11D3-BF4B-00C04F79EFBC}") = "MNXtoSVG", "MNXtoSVG\MNXtoSVG.csproj", "{AC2C6C46-D5AF-4180-AC42-E34A372DD3DE}"
EndProject
Project("{FAE04EC0-301F-11D3-BF4B-00C04F79EFBC}") = "MNX.Common", "MNXCommon\MNX.Common.csproj", "{6872BABE-C7A2-496D-B97A-B7997CD9BFCD}"
EndProject
Project("{FAE04EC0-301F-11D3-BF4B-00C04F79EFBC}") = "MNX.AGlobals", "MNX.Globals\MNX.AGlobals.csproj", "{9ABE7E06-1560-42CB-86C8-26D64CFB4CFF}"
EndProject
Project("{FAE04EC0-301F-11D3-BF4B-00C04F79EFBC}") = "MNX_Main", "MNX_Main\MNX_Main.csproj", "{DD3D9570-7338-4EE5-9D61-1FF5E3DC8054}"
EndProject
Global
	GlobalSection(SolutionConfigurationPlatforms) = preSolution
		Debug|Any CPU = Debug|Any CPU
		Release|Any CPU = Release|Any CPU
	EndGlobalSection
	GlobalSection(ProjectConfigurationPlatforms) = postSolution
		{AC2C6C46-D5AF-4180-AC42-E34A372DD3DE}.Debug|Any CPU.ActiveCfg = Debug|Any CPU
		{AC2C6C46-D5AF-4180-AC42-E34A372DD3DE}.Debug|Any CPU.Build.0 = Debug|Any CPU
		{AC2C6C46-D5AF-4180-AC42-E34A372DD3DE}.Release|Any CPU.ActiveCfg = Release|Any CPU
		{AC2C6C46-D5AF-4180-AC42-E34A372DD3DE}.Release|Any CPU.Build.0 = Release|Any CPU
		{6872BABE-C7A2-496D-B97A-B7997CD9BFCD}.Debug|Any CPU.ActiveCfg = Debug|Any CPU
		{6872BABE-C7A2-496D-B97A-B7997CD9BFCD}.Debug|Any CPU.Build.0 = Debug|Any CPU
		{6872BABE-C7A2-496D-B97A-B7997CD9BFCD}.Release|Any CPU.ActiveCfg = Release|Any CPU
		{6872BABE-C7A2-496D-B97A-B7997CD9BFCD}.Release|Any CPU.Build.0 = Release|Any CPU
		{9ABE7E06-1560-42CB-86C8-26D64CFB4CFF}.Debug|Any CPU.ActiveCfg = Debug|Any CPU
		{9ABE7E06-1560-42CB-86C8-26D64CFB4CFF}.Debug|Any CPU.Build.0 = Debug|Any CPU
		{9ABE7E06-1560-42CB-86C8-26D64CFB4CFF}.Release|Any CPU.ActiveCfg = Release|Any CPU
		{9ABE7E06-1560-42CB-86C8-26D64CFB4CFF}.Release|Any CPU.Build.0 = Release|Any CPU
		{DD3D9570-7338-4EE5-9D61-1FF5E3DC8054}.Debug|Any CPU.ActiveCfg = Debug|Any CPU
		{DD3D9570-7338-4EE5-9D61-1FF5E3DC8054}.Debug|Any CPU.Build.0 = Debug|Any CPU
		{DD3D9570-7338-4EE5-9D61-1FF5E3DC8054}.Release|Any CPU.ActiveCfg = Release|Any CPU
		{DD3D9570-7338-4EE5-9D61-1FF5E3DC8054}.Release|Any CPU.Build.0 = Release|Any CPU
	EndGlobalSection
	GlobalSection(SolutionProperties) = preSolution
		HideSolutionNode = FALSE
	EndGlobalSection
	GlobalSection(ExtensibilityGlobals) = postSolution
		SolutionGuid = {08DE5EEC-8382-4B02-AE0A-7E62ABFD4BE9}
	EndGlobalSection
EndGlobal
